
Microsoft Visual Studio Solution File, Format Version 12.00
# Visual Studio Version 17
VisualStudioVersion = 17.8.34525.116
MinimumVisualStudioVersion = 10.0.40219.1
Project("{9A19103F-16F7-4668-BE54-9A1E7A4F7556}") = "ClientApp", "ClientApp\ClientApp.csproj", "{96CB11E6-C308-4C8E-A4F2-9BED2080BAAD}"
EndProject
Project("{9A19103F-16F7-4668-BE54-9A1E7A4F7556}") = "ServerAPI", "ServerAPI\ServerAPI.csproj", "{FFCD4FEA-1179-45F3-B99C-E880E4C31716}"
EndProject
Project("{9A19103F-16F7-4668-BE54-9A1E7A4F7556}") = "Core", "Core\Core.csproj", "{23FCAE00-1BD8-4F9C-BC10-AF5FE3C14A15}"
EndProject
Global
	GlobalSection(SolutionConfigurationPlatforms) = preSolution
		Debug|Any CPU = Debug|Any CPU
		Release|Any CPU = Release|Any CPU
	EndGlobalSection
	GlobalSection(ProjectConfigurationPlatforms) = postSolution
		{96CB11E6-C308-4C8E-A4F2-9BED2080BAAD}.Debug|Any CPU.ActiveCfg = Debug|Any CPU
		{96CB11E6-C308-4C8E-A4F2-9BED2080BAAD}.Debug|Any CPU.Build.0 = Debug|Any CPU
		{96CB11E6-C308-4C8E-A4F2-9BED2080BAAD}.Release|Any CPU.ActiveCfg = Release|Any CPU
		{96CB11E6-C308-4C8E-A4F2-9BED2080BAAD}.Release|Any CPU.Build.0 = Release|Any CPU
		{FFCD4FEA-1179-45F3-B99C-E880E4C31716}.Debug|Any CPU.ActiveCfg = Debug|Any CPU
		{FFCD4FEA-1179-45F3-B99C-E880E4C31716}.Debug|Any CPU.Build.0 = Debug|Any CPU
		{FFCD4FEA-1179-45F3-B99C-E880E4C31716}.Release|Any CPU.ActiveCfg = Release|Any CPU
		{FFCD4FEA-1179-45F3-B99C-E880E4C31716}.Release|Any CPU.Build.0 = Release|Any CPU
		{23FCAE00-1BD8-4F9C-BC10-AF5FE3C14A15}.Debug|Any CPU.ActiveCfg = Debug|Any CPU
		{23FCAE00-1BD8-4F9C-BC10-AF5FE3C14A15}.Debug|Any CPU.Build.0 = Debug|Any CPU
		{23FCAE00-1BD8-4F9C-BC10-AF5FE3C14A15}.Release|Any CPU.ActiveCfg = Release|Any CPU
		{23FCAE00-1BD8-4F9C-BC10-AF5FE3C14A15}.Release|Any CPU.Build.0 = Release|Any CPU
	EndGlobalSection
	GlobalSection(SolutionProperties) = preSolution
		HideSolutionNode = FALSE
	EndGlobalSection
	GlobalSection(ExtensibilityGlobals) = postSolution
		SolutionGuid = {2A7DEEE2-C817-4B21-8F6D-0C5A269847F4}
	EndGlobalSection
EndGlobal
